
Microsoft Visual Studio Solution File, Format Version 12.00
# Visual Studio Version 16
VisualStudioVersion = 16.0.31624.102
MinimumVisualStudioVersion = 10.0.40219.1
Project("{FAE04EC0-301F-11D3-BF4B-00C04F79EFBC}") = "TutorialsBackend", "TutorialsBackend\TutorialsBackend.csproj", "{D76B29BC-9F79-4078-BC85-9E27E8952918}"
EndProject
Global
	GlobalSection(SolutionConfigurationPlatforms) = preSolution
		Debug|Any CPU = Debug|Any CPU
		Release|Any CPU = Release|Any CPU
	EndGlobalSection
	GlobalSection(ProjectConfigurationPlatforms) = postSolution
		{D76B29BC-9F79-4078-BC85-9E27E8952918}.Debug|Any CPU.ActiveCfg = Debug|Any CPU
		{D76B29BC-9F79-4078-BC85-9E27E8952918}.Debug|Any CPU.Build.0 = Debug|Any CPU
		{D76B29BC-9F79-4078-BC85-9E27E8952918}.Release|Any CPU.ActiveCfg = Release|Any CPU
		{D76B29BC-9F79-4078-BC85-9E27E8952918}.Release|Any CPU.Build.0 = Release|Any CPU
	EndGlobalSection
	GlobalSection(SolutionProperties) = preSolution
		HideSolutionNode = FALSE
	EndGlobalSection
	GlobalSection(ExtensibilityGlobals) = postSolution
		SolutionGuid = {EDCA2BA4-FE98-4A0F-8F71-C2BBFBCA7281}
	EndGlobalSection
EndGlobal
